// !$*UTF8*$!
{
	archiveVersion = 1;
	classes = {
	};
	objectVersion = 50;
	objects = {

/* Begin PBXBuildFile section */
		910E43BE26B534850031028E /* AppDelegate.swift in Sources */ = {isa = PBXBuildFile; fileRef = 910E43BD26B534850031028E /* AppDelegate.swift */; };
		910E43C026B534850031028E /* SceneDelegate.swift in Sources */ = {isa = PBXBuildFile; fileRef = 910E43BF26B534850031028E /* SceneDelegate.swift */; };
		910E43C226B534850031028E /* ViewController.swift in Sources */ = {isa = PBXBuildFile; fileRef = 910E43C126B534850031028E /* ViewController.swift */; };
		910E43C526B534850031028E /* Main.storyboard in Resources */ = {isa = PBXBuildFile; fileRef = 910E43C326B534850031028E /* Main.storyboard */; };
		910E43C726B534850031028E /* Assets.xcassets in Resources */ = {isa = PBXBuildFile; fileRef = 910E43C626B534850031028E /* Assets.xcassets */; };
		910E43CA26B534850031028E /* LaunchScreen.storyboard in Resources */ = {isa = PBXBuildFile; fileRef = 910E43C826B534850031028E /* LaunchScreen.storyboard */; };
		910E43D526B534860031028E /* TimerTests.swift in Sources */ = {isa = PBXBuildFile; fileRef = 910E43D426B534860031028E /* TimerTests.swift */; };
		910E43E026B534860031028E /* TimerUITests.swift in Sources */ = {isa = PBXBuildFile; fileRef = 910E43DF26B534860031028E /* TimerUITests.swift */; };
/* End PBXBuildFile section */

/* Begin PBXContainerItemProxy section */
		910E43D126B534860031028E /* PBXContainerItemProxy */ = {
			isa = PBXContainerItemProxy;
			containerPortal = 910E43B226B534850031028E /* Project object */;
			proxyType = 1;
			remoteGlobalIDString = 910E43B926B534850031028E;
			remoteInfo = Timer;
		};
		910E43DC26B534860031028E /* PBXContainerItemProxy */ = {
			isa = PBXContainerItemProxy;
			containerPortal = 910E43B226B534850031028E /* Project object */;
			proxyType = 1;
			remoteGlobalIDString = 910E43B926B534850031028E;
			remoteInfo = Timer;
		};
/* End PBXContainerItemProxy section */

/* Begin PBXFileReference section */
		910E43BA26B534850031028E /* Timer.app */ = {isa = PBXFileReference; explicitFileType = wrapper.application; includeInIndex = 0; path = Timer.app; sourceTree = BUILT_PRODUCTS_DIR; };
		910E43BD26B534850031028E /* AppDelegate.swift */ = {isa = PBXFileReference; lastKnownFileType = sourcecode.swift; path = AppDelegate.swift; sourceTree = "<group>"; };
		910E43BF26B534850031028E /* SceneDelegate.swift */ = {isa = PBXFileReference; lastKnownFileType = sourcecode.swift; path = SceneDelegate.swift; sourceTree = "<group>"; };
		910E43C126B534850031028E /* ViewController.swift */ = {isa = PBXFileReference; lastKnownFileType = sourcecode.swift; path = ViewController.swift; sourceTree = "<group>"; };
		910E43C426B534850031028E /* Base */ = {isa = PBXFileReference; lastKnownFileType = file.storyboard; name = Base; path = Base.lproj/Main.storyboard; sourceTree = "<group>"; };
		910E43C626B534850031028E /* Assets.xcassets */ = {isa = PBXFileReference; lastKnownFileType = folder.assetcatalog; path = Assets.xcassets; sourceTree = "<group>"; };
		910E43C926B534850031028E /* Base */ = {isa = PBXFileReference; lastKnownFileType = file.storyboard; name = Base; path = Base.lproj/LaunchScreen.storyboard; sourceTree = "<group>"; };
		910E43CB26B534850031028E /* Info.plist */ = {isa = PBXFileReference; lastKnownFileType = text.plist.xml; path = Info.plist; sourceTree = "<group>"; };
		910E43D026B534860031028E /* TimerTests.xctest */ = {isa = PBXFileReference; explicitFileType = wrapper.cfbundle; includeInIndex = 0; path = TimerTests.xctest; sourceTree = BUILT_PRODUCTS_DIR; };
		910E43D426B534860031028E /* TimerTests.swift */ = {isa = PBXFileReference; lastKnownFileType = sourcecode.swift; path = TimerTests.swift; sourceTree = "<group>"; };
		910E43D626B534860031028E /* Info.plist */ = {isa = PBXFileReference; lastKnownFileType = text.plist.xml; path = Info.plist; sourceTree = "<group>"; };
		910E43DB26B534860031028E /* TimerUITests.xctest */ = {isa = PBXFileReference; explicitFileType = wrapper.cfbundle; includeInIndex = 0; path = TimerUITests.xctest; sourceTree = BUILT_PRODUCTS_DIR; };
		910E43DF26B534860031028E /* TimerUITests.swift */ = {isa = PBXFileReference; lastKnownFileType = sourcecode.swift; path = TimerUITests.swift; sourceTree = "<group>"; };
		910E43E126B534860031028E /* Info.plist */ = {isa = PBXFileReference; lastKnownFileType = text.plist.xml; path = Info.plist; sourceTree = "<group>"; };
/* End PBXFileReference section */

/* Begin PBXFrameworksBuildPhase section */
		910E43B726B534850031028E /* Frameworks */ = {
			isa = PBXFrameworksBuildPhase;
			buildActionMask = 2147483647;
			files = (
			);
			runOnlyForDeploymentPostprocessing = 0;
		};
		910E43CD26B534860031028E /* Frameworks */ = {
			isa = PBXFrameworksBuildPhase;
			buildActionMask = 2147483647;
			files = (
			);
			runOnlyForDeploymentPostprocessing = 0;
		};
		910E43D826B534860031028E /* Frameworks */ = {
			isa = PBXFrameworksBuildPhase;
			buildActionMask = 2147483647;
			files = (
			);
			runOnlyForDeploymentPostprocessing = 0;
		};
/* End PBXFrameworksBuildPhase section */

/* Begin PBXGroup section */
		910E43B126B534850031028E = {
			isa = PBXGroup;
			children = (
				910E43BC26B534850031028E /* Timer */,
				910E43D326B534860031028E /* TimerTests */,
				910E43DE26B534860031028E /* TimerUITests */,
				910E43BB26B534850031028E /* Products */,
			);
			sourceTree = "<group>";
		};
		910E43BB26B534850031028E /* Products */ = {
			isa = PBXGroup;
			children = (
				910E43BA26B534850031028E /* Timer.app */,
				910E43D026B534860031028E /* TimerTests.xctest */,
				910E43DB26B534860031028E /* TimerUITests.xctest */,
			);
			name = Products;
			sourceTree = "<group>";
		};
		910E43BC26B534850031028E /* Timer */ = {
			isa = PBXGroup;
			children = (
				910E43BD26B534850031028E /* AppDelegate.swift */,
				910E43BF26B534850031028E /* SceneDelegate.swift */,
				910E43C126B534850031028E /* ViewController.swift */,
				910E43C326B534850031028E /* Main.storyboard */,
				910E43C626B534850031028E /* Assets.xcassets */,
				910E43C826B534850031028E /* LaunchScreen.storyboard */,
				910E43CB26B534850031028E /* Info.plist */,
			);
			path = Timer;
			sourceTree = "<group>";
		};
		910E43D326B534860031028E /* TimerTests */ = {
			isa = PBXGroup;
			children = (
				910E43D426B534860031028E /* TimerTests.swift */,
				910E43D626B534860031028E /* Info.plist */,
			);
			path = TimerTests;
			sourceTree = "<group>";
		};
		910E43DE26B534860031028E /* TimerUITests */ = {
			isa = PBXGroup;
			children = (
				910E43DF26B534860031028E /* TimerUITests.swift */,
				910E43E126B534860031028E /* Info.plist */,
			);
			path = TimerUITests;
			sourceTree = "<group>";
		};
/* End PBXGroup section */

/* Begin PBXNativeTarget section */
		910E43B926B534850031028E /* Timer */ = {
			isa = PBXNativeTarget;
			buildConfigurationList = 910E43E426B534860031028E /* Build configuration list for PBXNativeTarget "Timer" */;
			buildPhases = (
				910E43B626B534850031028E /* Sources */,
				910E43B726B534850031028E /* Frameworks */,
				910E43B826B534850031028E /* Resources */,
			);
			buildRules = (
			);
			dependencies = (
			);
			name = Timer;
			productName = Timer;
			productReference = 910E43BA26B534850031028E /* Timer.app */;
			productType = "com.apple.product-type.application";
		};
		910E43CF26B534860031028E /* TimerTests */ = {
			isa = PBXNativeTarget;
			buildConfigurationList = 910E43E726B534860031028E /* Build configuration list for PBXNativeTarget "TimerTests" */;
			buildPhases = (
				910E43CC26B534860031028E /* Sources */,
				910E43CD26B534860031028E /* Frameworks */,
				910E43CE26B534860031028E /* Resources */,
			);
			buildRules = (
			);
			dependencies = (
				910E43D226B534860031028E /* PBXTargetDependency */,
			);
			name = TimerTests;
			productName = TimerTests;
			productReference = 910E43D026B534860031028E /* TimerTests.xctest */;
			productType = "com.apple.product-type.bundle.unit-test";
		};
		910E43DA26B534860031028E /* TimerUITests */ = {
			isa = PBXNativeTarget;
			buildConfigurationList = 910E43EA26B534860031028E /* Build configuration list for PBXNativeTarget "TimerUITests" */;
			buildPhases = (
				910E43D726B534860031028E /* Sources */,
				910E43D826B534860031028E /* Frameworks */,
				910E43D926B534860031028E /* Resources */,
			);
			buildRules = (
			);
			dependencies = (
				910E43DD26B534860031028E /* PBXTargetDependency */,
			);
			name = TimerUITests;
			productName = TimerUITests;
			productReference = 910E43DB26B534860031028E /* TimerUITests.xctest */;
			productType = "com.apple.product-type.bundle.ui-testing";
		};
/* End PBXNativeTarget section */

/* Begin PBXProject section */
		910E43B226B534850031028E /* Project object */ = {
			isa = PBXProject;
			attributes = {
				LastSwiftUpdateCheck = 1230;
				LastUpgradeCheck = 1230;
				TargetAttributes = {
					910E43B926B534850031028E = {
						CreatedOnToolsVersion = 12.3;
					};
					910E43CF26B534860031028E = {
						CreatedOnToolsVersion = 12.3;
						TestTargetID = 910E43B926B534850031028E;
					};
					910E43DA26B534860031028E = {
						CreatedOnToolsVersion = 12.3;
						TestTargetID = 910E43B926B534850031028E;
					};
				};
			};
			buildConfigurationList = 910E43B526B534850031028E /* Build configuration list for PBXProject "Timer" */;
			compatibilityVersion = "Xcode 9.3";
			developmentRegion = en;
			hasScannedForEncodings = 0;
			knownRegions = (
				en,
				Base,
			);
			mainGroup = 910E43B126B534850031028E;
			productRefGroup = 910E43BB26B534850031028E /* Products */;
			projectDirPath = "";
			projectRoot = "";
			targets = (
				910E43B926B534850031028E /* Timer */,
				910E43CF26B534860031028E /* TimerTests */,
				910E43DA26B534860031028E /* TimerUITests */,
			);
		};
/* End PBXProject section */

/* Begin PBXResourcesBuildPhase section */
		910E43B826B534850031028E /* Resources */ = {
			isa = PBXResourcesBuildPhase;
			buildActionMask = 2147483647;
			files = (
				910E43CA26B534850031028E /* LaunchScreen.storyboard in Resources */,
				910E43C726B534850031028E /* Assets.xcassets in Resources */,
				910E43C526B534850031028E /* Main.storyboard in Resources */,
			);
			runOnlyForDeploymentPostprocessing = 0;
		};
		910E43CE26B534860031028E /* Resources */ = {
			isa = PBXResourcesBuildPhase;
			buildActionMask = 2147483647;
			files = (
			);
			runOnlyForDeploymentPostprocessing = 0;
		};
		910E43D926B534860031028E /* Resources */ = {
			isa = PBXResourcesBuildPhase;
			buildActionMask = 2147483647;
			files = (
			);
			runOnlyForDeploymentPostprocessing = 0;
		};
/* End PBXResourcesBuildPhase section */

/* Begin PBXSourcesBuildPhase section */
		910E43B626B534850031028E /* Sources */ = {
			isa = PBXSourcesBuildPhase;
			buildActionMask = 2147483647;
			files = (
				910E43C226B534850031028E /* ViewController.swift in Sources */,
				910E43BE26B534850031028E /* AppDelegate.swift in Sources */,
				910E43C026B534850031028E /* SceneDelegate.swift in Sources */,
			);
			runOnlyForDeploymentPostprocessing = 0;
		};
		910E43CC26B534860031028E /* Sources */ = {
			isa = PBXSourcesBuildPhase;
			buildActionMask = 2147483647;
			files = (
				910E43D526B534860031028E /* TimerTests.swift in Sources */,
			);
			runOnlyForDeploymentPostprocessing = 0;
		};
		910E43D726B534860031028E /* Sources */ = {
			isa = PBXSourcesBuildPhase;
			buildActionMask = 2147483647;
			files = (
				910E43E026B534860031028E /* TimerUITests.swift in Sources */,
			);
			runOnlyForDeploymentPostprocessing = 0;
		};
/* End PBXSourcesBuildPhase section */

/* Begin PBXTargetDependency section */
		910E43D226B534860031028E /* PBXTargetDependency */ = {
			isa = PBXTargetDependency;
			target = 910E43B926B534850031028E /* Timer */;
			targetProxy = 910E43D126B534860031028E /* PBXContainerItemProxy */;
		};
		910E43DD26B534860031028E /* PBXTargetDependency */ = {
			isa = PBXTargetDependency;
			target = 910E43B926B534850031028E /* Timer */;
			targetProxy = 910E43DC26B534860031028E /* PBXContainerItemProxy */;
		};
/* End PBXTargetDependency section */

/* Begin PBXVariantGroup section */
		910E43C326B534850031028E /* Main.storyboard */ = {
			isa = PBXVariantGroup;
			children = (
				910E43C426B534850031028E /* Base */,
			);
			name = Main.storyboard;
			sourceTree = "<group>";
		};
		910E43C826B534850031028E /* LaunchScreen.storyboard */ = {
			isa = PBXVariantGroup;
			children = (
				910E43C926B534850031028E /* Base */,
			);
			name = LaunchScreen.storyboard;
			sourceTree = "<group>";
		};
/* End PBXVariantGroup section */

/* Begin XCBuildConfiguration section */
		910E43E226B534860031028E /* Debug */ = {
			isa = XCBuildConfiguration;
			buildSettings = {
				ALWAYS_SEARCH_USER_PATHS = NO;
				CLANG_ANALYZER_NONNULL = YES;
				CLANG_ANALYZER_NUMBER_OBJECT_CONVERSION = YES_AGGRESSIVE;
				CLANG_CXX_LANGUAGE_STANDARD = "gnu++14";
				CLANG_CXX_LIBRARY = "libc++";
				CLANG_ENABLE_MODULES = YES;
				CLANG_ENABLE_OBJC_ARC = YES;
				CLANG_ENABLE_OBJC_WEAK = YES;
				CLANG_WARN_BLOCK_CAPTURE_AUTORELEASING = YES;
				CLANG_WARN_BOOL_CONVERSION = YES;
				CLANG_WARN_COMMA = YES;
				CLANG_WARN_CONSTANT_CONVERSION = YES;
				CLANG_WARN_DEPRECATED_OBJC_IMPLEMENTATIONS = YES;
				CLANG_WARN_DIRECT_OBJC_ISA_USAGE = YES_ERROR;
				CLANG_WARN_DOCUMENTATION_COMMENTS = YES;
				CLANG_WARN_EMPTY_BODY = YES;
				CLANG_WARN_ENUM_CONVERSION = YES;
				CLANG_WARN_INFINITE_RECURSION = YES;
				CLANG_WARN_INT_CONVERSION = YES;
				CLANG_WARN_NON_LITERAL_NULL_CONVERSION = YES;
				CLANG_WARN_OBJC_IMPLICIT_RETAIN_SELF = YES;
				CLANG_WARN_OBJC_LITERAL_CONVERSION = YES;
				CLANG_WARN_OBJC_ROOT_CLASS = YES_ERROR;
				CLANG_WARN_QUOTED_INCLUDE_IN_FRAMEWORK_HEADER = YES;
				CLANG_WARN_RANGE_LOOP_ANALYSIS = YES;
				CLANG_WARN_STRICT_PROTOTYPES = YES;
				CLANG_WARN_SUSPICIOUS_MOVE = YES;
				CLANG_WARN_UNGUARDED_AVAILABILITY = YES_AGGRESSIVE;
				CLANG_WARN_UNREACHABLE_CODE = YES;
				CLANG_WARN__DUPLICATE_METHOD_MATCH = YES;
				COPY_PHASE_STRIP = NO;
				DEBUG_INFORMATION_FORMAT = dwarf;
				ENABLE_STRICT_OBJC_MSGSEND = YES;
				ENABLE_TESTABILITY = YES;
				GCC_C_LANGUAGE_STANDARD = gnu11;
				GCC_DYNAMIC_NO_PIC = NO;
				GCC_NO_COMMON_BLOCKS = YES;
				GCC_OPTIMIZATION_LEVEL = 0;
				GCC_PREPROCESSOR_DEFINITIONS = (
					"DEBUG=1",
					"$(inherited)",
				);
				GCC_WARN_64_TO_32_BIT_CONVERSION = YES;
				GCC_WARN_ABOUT_RETURN_TYPE = YES_ERROR;
				GCC_WARN_UNDECLARED_SELECTOR = YES;
				GCC_WARN_UNINITIALIZED_AUTOS = YES_AGGRESSIVE;
				GCC_WARN_UNUSED_FUNCTION = YES;
				GCC_WARN_UNUSED_VARIABLE = YES;
				IPHONEOS_DEPLOYMENT_TARGET = 14.3;
				MTL_ENABLE_DEBUG_INFO = INCLUDE_SOURCE;
				MTL_FAST_MATH = YES;
				ONLY_ACTIVE_ARCH = YES;
				SDKROOT = iphoneos;
				SWIFT_ACTIVE_COMPILATION_CONDITIONS = DEBUG;
				SWIFT_OPTIMIZATION_LEVEL = "-Onone";
			};
			name = Debug;
		};
		910E43E326B534860031028E /* Release */ = {
			isa = XCBuildConfiguration;
			buildSettings = {
				ALWAYS_SEARCH_USER_PATHS = NO;
				CLANG_ANALYZER_NONNULL = YES;
				CLANG_ANALYZER_NUMBER_OBJECT_CONVERSION = YES_AGGRESSIVE;
				CLANG_CXX_LANGUAGE_STANDARD = "gnu++14";
				CLANG_CXX_LIBRARY = "libc++";
				CLANG_ENABLE_MODULES = YES;
				CLANG_ENABLE_OBJC_ARC = YES;
				CLANG_ENABLE_OBJC_WEAK = YES;
				CLANG_WARN_BLOCK_CAPTURE_AUTORELEASING = YES;
				CLANG_WARN_BOOL_CONVERSION = YES;
				CLANG_WARN_COMMA = YES;
				CLANG_WARN_CONSTANT_CONVERSION = YES;
				CLANG_WARN_DEPRECATED_OBJC_IMPLEMENTATIONS = YES;
				CLANG_WARN_DIRECT_OBJC_ISA_USAGE = YES_ERROR;
				CLANG_WARN_DOCUMENTATION_COMMENTS = YES;
				CLANG_WARN_EMPTY_BODY = YES;
				CLANG_WARN_ENUM_CONVERSION = YES;
				CLANG_WARN_INFINITE_RECURSION = YES;
				CLANG_WARN_INT_CONVERSION = YES;
				CLANG_WARN_NON_LITERAL_NULL_CONVERSION = YES;
				CLANG_WARN_OBJC_IMPLICIT_RETAIN_SELF = YES;
				CLANG_WARN_OBJC_LITERAL_CONVERSION = YES;
				CLANG_WARN_OBJC_ROOT_CLASS = YES_ERROR;
				CLANG_WARN_QUOTED_INCLUDE_IN_FRAMEWORK_HEADER = YES;
				CLANG_WARN_RANGE_LOOP_ANALYSIS = YES;
				CLANG_WARN_STRICT_PROTOTYPES = YES;
				CLANG_WARN_SUSPICIOUS_MOVE = YES;
				CLANG_WARN_UNGUARDED_AVAILABILITY = YES_AGGRESSIVE;
				CLANG_WARN_UNREACHABLE_CODE = YES;
				CLANG_WARN__DUPLICATE_METHOD_MATCH = YES;
				COPY_PHASE_STRIP = NO;
				DEBUG_INFORMATION_FORMAT = "dwarf-with-dsym";
				ENABLE_NS_ASSERTIONS = NO;
				ENABLE_STRICT_OBJC_MSGSEND = YES;
				GCC_C_LANGUAGE_STANDARD = gnu11;
				GCC_NO_COMMON_BLOCKS = YES;
				GCC_WARN_64_TO_32_BIT_CONVERSION = YES;
				GCC_WARN_ABOUT_RETURN_TYPE = YES_ERROR;
				GCC_WARN_UNDECLARED_SELECTOR = YES;
				GCC_WARN_UNINITIALIZED_AUTOS = YES_AGGRESSIVE;
				GCC_WARN_UNUSED_FUNCTION = YES;
				GCC_WARN_UNUSED_VARIABLE = YES;
				IPHONEOS_DEPLOYMENT_TARGET = 14.3;
				MTL_ENABLE_DEBUG_INFO = NO;
				MTL_FAST_MATH = YES;
				SDKROOT = iphoneos;
				SWIFT_COMPILATION_MODE = wholemodule;
				SWIFT_OPTIMIZATION_LEVEL = "-O";
				VALIDATE_PRODUCT = YES;
			};
			name = Release;
		};
		910E43E526B534860031028E /* Debug */ = {
			isa = XCBuildConfiguration;
			buildSettings = {
				ASSETCATALOG_COMPILER_APPICON_NAME = AppIcon;
				ASSETCATALOG_COMPILER_GLOBAL_ACCENT_COLOR_NAME = AccentColor;
				CODE_SIGN_STYLE = Automatic;
				DEVELOPMENT_TEAM = 99A978B773;
				INFOPLIST_FILE = Timer/Info.plist;
				IPHONEOS_DEPLOYMENT_TARGET = 13.6;
				LD_RUNPATH_SEARCH_PATHS = (
					"$(inherited)",
					"@executable_path/Frameworks",
				);
				PRODUCT_BUNDLE_IDENTIFIER = com.AngusYu.Timer;
				PRODUCT_NAME = "$(TARGET_NAME)";
				SWIFT_VERSION = 5.0;
				TARGETED_DEVICE_FAMILY = "1,2";
			};
			name = Debug;
		};
		910E43E626B534860031028E /* Release */ = {
			isa = XCBuildConfiguration;
			buildSettings = {
				ASSETCATALOG_COMPILER_APPICON_NAME = AppIcon;
				ASSETCATALOG_COMPILER_GLOBAL_ACCENT_COLOR_NAME = AccentColor;
				CODE_SIGN_STYLE = Automatic;
				DEVELOPMENT_TEAM = 99A978B773;
				INFOPLIST_FILE = Timer/Info.plist;
				IPHONEOS_DEPLOYMENT_TARGET = 13.6;
				LD_RUNPATH_SEARCH_PATHS = (
					"$(inherited)",
					"@executable_path/Frameworks",
				);
				PRODUCT_BUNDLE_IDENTIFIER = com.AngusYu.Timer;
				PRODUCT_NAME = "$(TARGET_NAME)";
				SWIFT_VERSION = 5.0;
				TARGETED_DEVICE_FAMILY = "1,2";
			};
			name = Release;
		};
		910E43E826B534860031028E /* Debug */ = {
			isa = XCBuildConfiguration;
			buildSettings = {
				ALWAYS_EMBED_SWIFT_STANDARD_LIBRARIES = YES;
				BUNDLE_LOADER = "$(TEST_HOST)";
				CODE_SIGN_STYLE = Automatic;
				DEVELOPMENT_TEAM = 99A978B773;
				INFOPLIST_FILE = TimerTests/Info.plist;
				IPHONEOS_DEPLOYMENT_TARGET = 14.3;
				LD_RUNPATH_SEARCH_PATHS = (
					"$(inherited)",
					"@executable_path/Frameworks",
					"@loader_path/Frameworks",
				);
				PRODUCT_BUNDLE_IDENTIFIER = com.AngusYu.TimerTests;
				PRODUCT_NAME = "$(TARGET_NAME)";
				SWIFT_VERSION = 5.0;
				TARGETED_DEVICE_FAMILY = "1,2";
				TEST_HOST = "$(BUILT_PRODUCTS_DIR)/Timer.app/Timer";
			};
			name = Debug;
		};
		910E43E926B534860031028E /* Release */ = {
			isa = XCBuildConfiguration;
			buildSettings = {
				ALWAYS_EMBED_SWIFT_STANDARD_LIBRARIES = YES;
				BUNDLE_LOADER = "$(TEST_HOST)";
				CODE_SIGN_STYLE = Automatic;
				DEVELOPMENT_TEAM = 99A978B773;
				INFOPLIST_FILE = TimerTests/Info.plist;
				IPHONEOS_DEPLOYMENT_TARGET = 14.3;
				LD_RUNPATH_SEARCH_PATHS = (
					"$(inherited)",
					"@executable_path/Frameworks",
					"@loader_path/Frameworks",
				);
				PRODUCT_BUNDLE_IDENTIFIER = com.AngusYu.TimerTests;
				PRODUCT_NAME = "$(TARGET_NAME)";
				SWIFT_VERSION = 5.0;
				TARGETED_DEVICE_FAMILY = "1,2";
				TEST_HOST = "$(BUILT_PRODUCTS_DIR)/Timer.app/Timer";
			};
			name = Release;
		};
		910E43EB26B534860031028E /* Debug */ = {
			isa = XCBuildConfiguration;
			buildSettings = {
				ALWAYS_EMBED_SWIFT_STANDARD_LIBRARIES = YES;
				CODE_SIGN_STYLE = Automatic;
				DEVELOPMENT_TEAM = 99A978B773;
				INFOPLIST_FILE = TimerUITests/Info.plist;
				LD_RUNPATH_SEARCH_PATHS = (
					"$(inherited)",
					"@executable_path/Frameworks",
					"@loader_path/Frameworks",
				);
				PRODUCT_BUNDLE_IDENTIFIER = com.AngusYu.TimerUITests;
				PRODUCT_NAME = "$(TARGET_NAME)";
				SWIFT_VERSION = 5.0;
				TARGETED_DEVICE_FAMILY = "1,2";
				TEST_TARGET_NAME = Timer;
			};
			name = Debug;
		};
		910E43EC26B534860031028E /* Release */ = {
			isa = XCBuildConfiguration;
			buildSettings = {
				ALWAYS_EMBED_SWIFT_STANDARD_LIBRARIES = YES;
				CODE_SIGN_STYLE = Automatic;
				DEVELOPMENT_TEAM = 99A978B773;
				INFOPLIST_FILE = TimerUITests/Info.plist;
				LD_RUNPATH_SEARCH_PATHS = (
					"$(inherited)",
					"@executable_path/Frameworks",
					"@loader_path/Frameworks",
				);
				PRODUCT_BUNDLE_IDENTIFIER = com.AngusYu.TimerUITests;
				PRODUCT_NAME = "$(TARGET_NAME)";
				SWIFT_VERSION = 5.0;
				TARGETED_DEVICE_FAMILY = "1,2";
				TEST_TARGET_NAME = Timer;
			};
			name = Release;
		};
/* End XCBuildConfiguration section */

/* Begin XCConfigurationList section */
		910E43B526B534850031028E /* Build configuration list for PBXProject "Timer" */ = {
			isa = XCConfigurationList;
			buildConfigurations = (
				910E43E226B534860031028E /* Debug */,
				910E43E326B534860031028E /* Release */,
			);
			defaultConfigurationIsVisible = 0;
			defaultConfigurationName = Release;
		};
		910E43E426B534860031028E /* Build configuration list for PBXNativeTarget "Timer" */ = {
			isa = XCConfigurationList;
			buildConfigurations = (
				910E43E526B534860031028E /* Debug */,
				910E43E626B534860031028E /* Release */,
			);
			defaultConfigurationIsVisible = 0;
			defaultConfigurationName = Release;
		};
		910E43E726B534860031028E /* Build configuration list for PBXNativeTarget "TimerTests" */ = {
			isa = XCConfigurationList;
			buildConfigurations = (
				910E43E826B534860031028E /* Debug */,
				910E43E926B534860031028E /* Release */,
			);
			defaultConfigurationIsVisible = 0;
			defaultConfigurationName = Release;
		};
		910E43EA26B534860031028E /* Build configuration list for PBXNativeTarget "TimerUITests" */ = {
			isa = XCConfigurationList;
			buildConfigurations = (
				910E43EB26B534860031028E /* Debug */,
				910E43EC26B534860031028E /* Release */,
			);
			defaultConfigurationIsVisible = 0;
			defaultConfigurationName = Release;
		};
/* End XCConfigurationList section */
	};
	rootObject = 910E43B226B534850031028E /* Project object */;
}
